
Microsoft Visual Studio Solution File, Format Version 12.00
# Visual Studio Version 17
VisualStudioVersion = 17.5.002.0
MinimumVisualStudioVersion = 10.0.40219.1
Project("{9A19103F-16F7-4668-BE54-9A1E7A4F7556}") = "QuebraCabeca", "QuebraCabeca.csproj", "{F885F143-F7CE-45E5-BFE9-F5FD59F82466}"
EndProject
Global
	GlobalSection(SolutionConfigurationPlatforms) = preSolution
		Debug|Any CPU = Debug|Any CPU
		Release|Any CPU = Release|Any CPU
	EndGlobalSection
	GlobalSection(ProjectConfigurationPlatforms) = postSolution
		{F885F143-F7CE-45E5-BFE9-F5FD59F82466}.Debug|Any CPU.ActiveCfg = Debug|Any CPU
		{F885F143-F7CE-45E5-BFE9-F5FD59F82466}.Debug|Any CPU.Build.0 = Debug|Any CPU
		{F885F143-F7CE-45E5-BFE9-F5FD59F82466}.Release|Any CPU.ActiveCfg = Release|Any CPU
		{F885F143-F7CE-45E5-BFE9-F5FD59F82466}.Release|Any CPU.Build.0 = Release|Any CPU
	EndGlobalSection
	GlobalSection(SolutionProperties) = preSolution
		HideSolutionNode = FALSE
	EndGlobalSection
	GlobalSection(ExtensibilityGlobals) = postSolution
		SolutionGuid = {9E2A2E49-3693-4351-8E6B-56F8E8CC5933}
	EndGlobalSection
EndGlobal
